
Microsoft Visual Studio Solution File, Format Version 12.00
# Visual Studio Version 17
VisualStudioVersion = 17.4.32804.182
MinimumVisualStudioVersion = 10.0.40219.1
Project("{FAE04EC0-301F-11D3-BF4B-00C04F79EFBC}") = "TrafficSimulator", "TrafficSimulator\TrafficSimulator.csproj", "{5C677D16-0826-40AD-A749-693060C931D6}"
EndProject
Global
	GlobalSection(SolutionConfigurationPlatforms) = preSolution
		Debug|Any CPU = Debug|Any CPU
		Release|Any CPU = Release|Any CPU
	EndGlobalSection
	GlobalSection(ProjectConfigurationPlatforms) = postSolution
		{5C677D16-0826-40AD-A749-693060C931D6}.Debug|Any CPU.ActiveCfg = Debug|Any CPU
		{5C677D16-0826-40AD-A749-693060C931D6}.Debug|Any CPU.Build.0 = Debug|Any CPU
		{5C677D16-0826-40AD-A749-693060C931D6}.Release|Any CPU.ActiveCfg = Release|Any CPU
		{5C677D16-0826-40AD-A749-693060C931D6}.Release|Any CPU.Build.0 = Release|Any CPU
	EndGlobalSection
	GlobalSection(SolutionProperties) = preSolution
		HideSolutionNode = FALSE
	EndGlobalSection
	GlobalSection(ExtensibilityGlobals) = postSolution
		SolutionGuid = {C8D970C1-ABBB-4D59-AA8A-8FA3F1B0FBD8}
	EndGlobalSection
EndGlobal
